// !$*UTF8*$!
{
	archiveVersion = 1;
	classes = {
	};
	objectVersion = 56;
	objects = {

/* Begin PBXBuildFile section */
		912AC9F0A3FE56A765A3935E /* Pods_DecisionToLeave_DecisionToLeaveUITests.framework in Frameworks */ = {isa = PBXBuildFile; fileRef = 88449515B06B3E5A563F1642 /* Pods_DecisionToLeave_DecisionToLeaveUITests.framework */; };
		C5A7CFA6FAF597ABEB977F83 /* Pods_DecisionToLeaveTests.framework in Frameworks */ = {isa = PBXBuildFile; fileRef = 0C03A168E64712CF31AAC1B9 /* Pods_DecisionToLeaveTests.framework */; };
		CD7E6B69F60B9E9E3A973060 /* Pods_DecisionToLeave.framework in Frameworks */ = {isa = PBXBuildFile; fileRef = C8576E1054D20281F0265C00 /* Pods_DecisionToLeave.framework */; };
		EA52C4592B5A55EA0012F37B /* AppDelegate.swift in Sources */ = {isa = PBXBuildFile; fileRef = EA52C4582B5A55EA0012F37B /* AppDelegate.swift */; };
		EA52C45B2B5A55EA0012F37B /* SceneDelegate.swift in Sources */ = {isa = PBXBuildFile; fileRef = EA52C45A2B5A55EA0012F37B /* SceneDelegate.swift */; };
		EA52C45D2B5A55EA0012F37B /* DetoxController.swift in Sources */ = {isa = PBXBuildFile; fileRef = EA52C45C2B5A55EA0012F37B /* DetoxController.swift */; };
		EA52C4602B5A55EA0012F37B /* Main.storyboard in Resources */ = {isa = PBXBuildFile; fileRef = EA52C45E2B5A55EA0012F37B /* Main.storyboard */; };
		EA52C4622B5A55EC0012F37B /* Assets.xcassets in Resources */ = {isa = PBXBuildFile; fileRef = EA52C4612B5A55EC0012F37B /* Assets.xcassets */; };
		EA52C4652B5A55EC0012F37B /* LaunchScreen.storyboard in Resources */ = {isa = PBXBuildFile; fileRef = EA52C4632B5A55EC0012F37B /* LaunchScreen.storyboard */; };
		EA52C4702B5A55EC0012F37B /* DecisionToLeaveTests.swift in Sources */ = {isa = PBXBuildFile; fileRef = EA52C46F2B5A55EC0012F37B /* DecisionToLeaveTests.swift */; };
		EA52C47A2B5A55EC0012F37B /* DecisionToLeaveUITests.swift in Sources */ = {isa = PBXBuildFile; fileRef = EA52C4792B5A55EC0012F37B /* DecisionToLeaveUITests.swift */; };
		EA52C47C2B5A55EC0012F37B /* DecisionToLeaveUITestsLaunchTests.swift in Sources */ = {isa = PBXBuildFile; fileRef = EA52C47B2B5A55EC0012F37B /* DecisionToLeaveUITestsLaunchTests.swift */; };
		EA52C4892B5A56120012F37B /* SettingController.swift in Sources */ = {isa = PBXBuildFile; fileRef = EA52C4882B5A56120012F37B /* SettingController.swift */; };
		EA52C4902B5A565B0012F37B /* ViewDrawable.swift in Sources */ = {isa = PBXBuildFile; fileRef = EA52C48F2B5A565B0012F37B /* ViewDrawable.swift */; };
		EA52C4962B5A57A40012F37B /* LINESeedKR-Th.otf in Resources */ = {isa = PBXBuildFile; fileRef = EA52C4932B5A57A40012F37B /* LINESeedKR-Th.otf */; };
		EA52C4992B5A586A0012F37B /* Bindable.swift in Sources */ = {isa = PBXBuildFile; fileRef = EA52C4982B5A586A0012F37B /* Bindable.swift */; };
		EA52C49B2B5A58880012F37B /* CustomTabBar.swift in Sources */ = {isa = PBXBuildFile; fileRef = EA52C49A2B5A58880012F37B /* CustomTabBar.swift */; };
		EA52C49D2B5A58F20012F37B /* MyColor.swift in Sources */ = {isa = PBXBuildFile; fileRef = EA52C49C2B5A58F20012F37B /* MyColor.swift */; };
		EA52C49F2B60D5D40012F37B /* CustomTabBarViewModel.swift in Sources */ = {isa = PBXBuildFile; fileRef = EA52C49E2B60D5D40012F37B /* CustomTabBarViewModel.swift */; };
		EA52C4A12B60E43D0012F37B /* MainTabBarController.swift in Sources */ = {isa = PBXBuildFile; fileRef = EA52C4A02B60E43D0012F37B /* MainTabBarController.swift */; };
		EA52C4A42B61207D0012F37B /* DeviceSizeMananger.swift in Sources */ = {isa = PBXBuildFile; fileRef = EA52C4A32B61207D0012F37B /* DeviceSizeMananger.swift */; };
		EA52C4A82B613A6D0012F37B /* MyFonts.swift in Sources */ = {isa = PBXBuildFile; fileRef = EA52C4A72B613A6D0012F37B /* MyFonts.swift */; };
		EA52C4AC2B613C210012F37B /* LINESeedKR-Bd.otf in Resources */ = {isa = PBXBuildFile; fileRef = EA52C4A92B613C210012F37B /* LINESeedKR-Bd.otf */; };
		EA52C4AD2B613C210012F37B /* LINESeedKR-Rg.otf in Resources */ = {isa = PBXBuildFile; fileRef = EA52C4AA2B613C210012F37B /* LINESeedKR-Rg.otf */; };
		EA52C4B22B621E050012F37B /* CreateDetoxView.swift in Sources */ = {isa = PBXBuildFile; fileRef = EA52C4B12B621E050012F37B /* CreateDetoxView.swift */; };
		EA52C4B72B622D5A0012F37B /* DeviceVibrateManager.swift in Sources */ = {isa = PBXBuildFile; fileRef = EA52C4B62B622D5A0012F37B /* DeviceVibrateManager.swift */; };
		EA52C4B92B6234C80012F37B /* TimeSettingForDetoxController.swift in Sources */ = {isa = PBXBuildFile; fileRef = EA52C4B82B6234C80012F37B /* TimeSettingForDetoxController.swift */; };
		EA52C4BC2B623C0D0012F37B /* CustomNavigationBar.swift in Sources */ = {isa = PBXBuildFile; fileRef = EA52C4BB2B623C0D0012F37B /* CustomNavigationBar.swift */; };
		EA52C4BE2B6249BD0012F37B /* TimeReminderView.swift in Sources */ = {isa = PBXBuildFile; fileRef = EA52C4BD2B6249BD0012F37B /* TimeReminderView.swift */; };
		EA52C4C52B67951C0012F37B /* CustomCloseButton.swift in Sources */ = {isa = PBXBuildFile; fileRef = EA52C4C42B67951C0012F37B /* CustomCloseButton.swift */; };
		EA52C5072B68CA900012F37B /* TimeSettingForDetoxViewModel.swift in Sources */ = {isa = PBXBuildFile; fileRef = EA52C5062B68CA900012F37B /* TimeSettingForDetoxViewModel.swift */; };
		EA52C5092B68CB4A0012F37B /* DetoxViewModel.swift in Sources */ = {isa = PBXBuildFile; fileRef = EA52C5082B68CB4A0012F37B /* DetoxViewModel.swift */; };
		EA52C50B2B68D4550012F37B /* DS-DIGI.TTF in Resources */ = {isa = PBXBuildFile; fileRef = EA52C50A2B68D4550012F37B /* DS-DIGI.TTF */; };
		EA52C50D2B68D6680012F37B /* TimeDecideView.swift in Sources */ = {isa = PBXBuildFile; fileRef = EA52C50C2B68D6680012F37B /* TimeDecideView.swift */; };
		EA52C5102B69105F0012F37B /* TimeTapView.swift in Sources */ = {isa = PBXBuildFile; fileRef = EA52C50F2B69105F0012F37B /* TimeTapView.swift */; };
		EA52C5122B6A1FEC0012F37B /* TimeScrollView.swift in Sources */ = {isa = PBXBuildFile; fileRef = EA52C5112B6A1FEC0012F37B /* TimeScrollView.swift */; };
/* End PBXBuildFile section */

/* Begin PBXContainerItemProxy section */
		EA52C46C2B5A55EC0012F37B /* PBXContainerItemProxy */ = {
			isa = PBXContainerItemProxy;
			containerPortal = EA52C44D2B5A55EA0012F37B /* Project object */;
			proxyType = 1;
			remoteGlobalIDString = EA52C4542B5A55EA0012F37B;
			remoteInfo = DecisionToLeave;
		};
		EA52C4762B5A55EC0012F37B /* PBXContainerItemProxy */ = {
			isa = PBXContainerItemProxy;
			containerPortal = EA52C44D2B5A55EA0012F37B /* Project object */;
			proxyType = 1;
			remoteGlobalIDString = EA52C4542B5A55EA0012F37B;
			remoteInfo = DecisionToLeave;
		};
/* End PBXContainerItemProxy section */

/* Begin PBXFileReference section */
		0C03A168E64712CF31AAC1B9 /* Pods_DecisionToLeaveTests.framework */ = {isa = PBXFileReference; explicitFileType = wrapper.framework; includeInIndex = 0; path = Pods_DecisionToLeaveTests.framework; sourceTree = BUILT_PRODUCTS_DIR; };
		2FE8A0C17BE078B9C8BF516C /* Pods-DecisionToLeaveTests.debug.xcconfig */ = {isa = PBXFileReference; includeInIndex = 1; lastKnownFileType = text.xcconfig; name = "Pods-DecisionToLeaveTests.debug.xcconfig"; path = "Target Support Files/Pods-DecisionToLeaveTests/Pods-DecisionToLeaveTests.debug.xcconfig"; sourceTree = "<group>"; };
		30EFA7110DCA44EC14E00C82 /* Pods-DecisionToLeave.release.xcconfig */ = {isa = PBXFileReference; includeInIndex = 1; lastKnownFileType = text.xcconfig; name = "Pods-DecisionToLeave.release.xcconfig"; path = "Target Support Files/Pods-DecisionToLeave/Pods-DecisionToLeave.release.xcconfig"; sourceTree = "<group>"; };
		555B3D66D9F75692DCCA5F92 /* Pods-DecisionToLeaveTests.release.xcconfig */ = {isa = PBXFileReference; includeInIndex = 1; lastKnownFileType = text.xcconfig; name = "Pods-DecisionToLeaveTests.release.xcconfig"; path = "Target Support Files/Pods-DecisionToLeaveTests/Pods-DecisionToLeaveTests.release.xcconfig"; sourceTree = "<group>"; };
		70DF45A86EBD9FC91BAC862B /* Pods-DecisionToLeave-DecisionToLeaveUITests.release.xcconfig */ = {isa = PBXFileReference; includeInIndex = 1; lastKnownFileType = text.xcconfig; name = "Pods-DecisionToLeave-DecisionToLeaveUITests.release.xcconfig"; path = "Target Support Files/Pods-DecisionToLeave-DecisionToLeaveUITests/Pods-DecisionToLeave-DecisionToLeaveUITests.release.xcconfig"; sourceTree = "<group>"; };
		7B072A74FD1B3FCCB8B950DD /* Pods-DecisionToLeave-DecisionToLeaveUITests.debug.xcconfig */ = {isa = PBXFileReference; includeInIndex = 1; lastKnownFileType = text.xcconfig; name = "Pods-DecisionToLeave-DecisionToLeaveUITests.debug.xcconfig"; path = "Target Support Files/Pods-DecisionToLeave-DecisionToLeaveUITests/Pods-DecisionToLeave-DecisionToLeaveUITests.debug.xcconfig"; sourceTree = "<group>"; };
		88449515B06B3E5A563F1642 /* Pods_DecisionToLeave_DecisionToLeaveUITests.framework */ = {isa = PBXFileReference; explicitFileType = wrapper.framework; includeInIndex = 0; path = Pods_DecisionToLeave_DecisionToLeaveUITests.framework; sourceTree = BUILT_PRODUCTS_DIR; };
		C8576E1054D20281F0265C00 /* Pods_DecisionToLeave.framework */ = {isa = PBXFileReference; explicitFileType = wrapper.framework; includeInIndex = 0; path = Pods_DecisionToLeave.framework; sourceTree = BUILT_PRODUCTS_DIR; };
		CF6DC5864A1F96743EAAAC69 /* Pods-DecisionToLeave.debug.xcconfig */ = {isa = PBXFileReference; includeInIndex = 1; lastKnownFileType = text.xcconfig; name = "Pods-DecisionToLeave.debug.xcconfig"; path = "Target Support Files/Pods-DecisionToLeave/Pods-DecisionToLeave.debug.xcconfig"; sourceTree = "<group>"; };
		EA52C4552B5A55EA0012F37B /* DecisionToLeave.app */ = {isa = PBXFileReference; explicitFileType = wrapper.application; includeInIndex = 0; path = DecisionToLeave.app; sourceTree = BUILT_PRODUCTS_DIR; };
		EA52C4582B5A55EA0012F37B /* AppDelegate.swift */ = {isa = PBXFileReference; lastKnownFileType = sourcecode.swift; path = AppDelegate.swift; sourceTree = "<group>"; };
		EA52C45A2B5A55EA0012F37B /* SceneDelegate.swift */ = {isa = PBXFileReference; lastKnownFileType = sourcecode.swift; path = SceneDelegate.swift; sourceTree = "<group>"; };
		EA52C45C2B5A55EA0012F37B /* DetoxController.swift */ = {isa = PBXFileReference; lastKnownFileType = sourcecode.swift; path = DetoxController.swift; sourceTree = "<group>"; };
		EA52C45F2B5A55EA0012F37B /* Base */ = {isa = PBXFileReference; lastKnownFileType = file.storyboard; name = Base; path = Base.lproj/Main.storyboard; sourceTree = "<group>"; };
		EA52C4612B5A55EC0012F37B /* Assets.xcassets */ = {isa = PBXFileReference; lastKnownFileType = folder.assetcatalog; path = Assets.xcassets; sourceTree = "<group>"; };
		EA52C4642B5A55EC0012F37B /* Base */ = {isa = PBXFileReference; lastKnownFileType = file.storyboard; name = Base; path = Base.lproj/LaunchScreen.storyboard; sourceTree = "<group>"; };
		EA52C4662B5A55EC0012F37B /* Info.plist */ = {isa = PBXFileReference; lastKnownFileType = text.plist.xml; path = Info.plist; sourceTree = "<group>"; };
		EA52C46B2B5A55EC0012F37B /* DecisionToLeaveTests.xctest */ = {isa = PBXFileReference; explicitFileType = wrapper.cfbundle; includeInIndex = 0; path = DecisionToLeaveTests.xctest; sourceTree = BUILT_PRODUCTS_DIR; };
		EA52C46F2B5A55EC0012F37B /* DecisionToLeaveTests.swift */ = {isa = PBXFileReference; lastKnownFileType = sourcecode.swift; path = DecisionToLeaveTests.swift; sourceTree = "<group>"; };
		EA52C4752B5A55EC0012F37B /* DecisionToLeaveUITests.xctest */ = {isa = PBXFileReference; explicitFileType = wrapper.cfbundle; includeInIndex = 0; path = DecisionToLeaveUITests.xctest; sourceTree = BUILT_PRODUCTS_DIR; };
		EA52C4792B5A55EC0012F37B /* DecisionToLeaveUITests.swift */ = {isa = PBXFileReference; lastKnownFileType = sourcecode.swift; path = DecisionToLeaveUITests.swift; sourceTree = "<group>"; };
		EA52C47B2B5A55EC0012F37B /* DecisionToLeaveUITestsLaunchTests.swift */ = {isa = PBXFileReference; lastKnownFileType = sourcecode.swift; path = DecisionToLeaveUITestsLaunchTests.swift; sourceTree = "<group>"; };
		EA52C4882B5A56120012F37B /* SettingController.swift */ = {isa = PBXFileReference; lastKnownFileType = sourcecode.swift; path = SettingController.swift; sourceTree = "<group>"; };
		EA52C48F2B5A565B0012F37B /* ViewDrawable.swift */ = {isa = PBXFileReference; lastKnownFileType = sourcecode.swift; path = ViewDrawable.swift; sourceTree = "<group>"; };
		EA52C4932B5A57A40012F37B /* LINESeedKR-Th.otf */ = {isa = PBXFileReference; lastKnownFileType = file; path = "LINESeedKR-Th.otf"; sourceTree = "<group>"; };
		EA52C4982B5A586A0012F37B /* Bindable.swift */ = {isa = PBXFileReference; lastKnownFileType = sourcecode.swift; path = Bindable.swift; sourceTree = "<group>"; };
		EA52C49A2B5A58880012F37B /* CustomTabBar.swift */ = {isa = PBXFileReference; lastKnownFileType = sourcecode.swift; path = CustomTabBar.swift; sourceTree = "<group>"; };
		EA52C49C2B5A58F20012F37B /* MyColor.swift */ = {isa = PBXFileReference; lastKnownFileType = sourcecode.swift; path = MyColor.swift; sourceTree = "<group>"; };
		EA52C49E2B60D5D40012F37B /* CustomTabBarViewModel.swift */ = {isa = PBXFileReference; lastKnownFileType = sourcecode.swift; path = CustomTabBarViewModel.swift; sourceTree = "<group>"; };
		EA52C4A02B60E43D0012F37B /* MainTabBarController.swift */ = {isa = PBXFileReference; lastKnownFileType = sourcecode.swift; path = MainTabBarController.swift; sourceTree = "<group>"; };
		EA52C4A32B61207D0012F37B /* DeviceSizeMananger.swift */ = {isa = PBXFileReference; lastKnownFileType = sourcecode.swift; path = DeviceSizeMananger.swift; sourceTree = "<group>"; };
		EA52C4A72B613A6D0012F37B /* MyFonts.swift */ = {isa = PBXFileReference; lastKnownFileType = sourcecode.swift; path = MyFonts.swift; sourceTree = "<group>"; };
		EA52C4A92B613C210012F37B /* LINESeedKR-Bd.otf */ = {isa = PBXFileReference; lastKnownFileType = file; path = "LINESeedKR-Bd.otf"; sourceTree = "<group>"; };
		EA52C4AA2B613C210012F37B /* LINESeedKR-Rg.otf */ = {isa = PBXFileReference; lastKnownFileType = file; name = "LINESeedKR-Rg.otf"; path = "../../../../../Downloads/LINE_SeedKR_2023.09.06/OTF/LINESeedKR-Rg.otf"; sourceTree = "<group>"; };
		EA52C4B12B621E050012F37B /* CreateDetoxView.swift */ = {isa = PBXFileReference; lastKnownFileType = sourcecode.swift; path = CreateDetoxView.swift; sourceTree = "<group>"; };
		EA52C4B62B622D5A0012F37B /* DeviceVibrateManager.swift */ = {isa = PBXFileReference; lastKnownFileType = sourcecode.swift; path = DeviceVibrateManager.swift; sourceTree = "<group>"; };
		EA52C4B82B6234C80012F37B /* TimeSettingForDetoxController.swift */ = {isa = PBXFileReference; lastKnownFileType = sourcecode.swift; path = TimeSettingForDetoxController.swift; sourceTree = "<group>"; };
		EA52C4BB2B623C0D0012F37B /* CustomNavigationBar.swift */ = {isa = PBXFileReference; lastKnownFileType = sourcecode.swift; path = CustomNavigationBar.swift; sourceTree = "<group>"; };
		EA52C4BD2B6249BD0012F37B /* TimeReminderView.swift */ = {isa = PBXFileReference; lastKnownFileType = sourcecode.swift; path = TimeReminderView.swift; sourceTree = "<group>"; };
		EA52C4C42B67951C0012F37B /* CustomCloseButton.swift */ = {isa = PBXFileReference; lastKnownFileType = sourcecode.swift; path = CustomCloseButton.swift; sourceTree = "<group>"; };
		EA52C5062B68CA900012F37B /* TimeSettingForDetoxViewModel.swift */ = {isa = PBXFileReference; lastKnownFileType = sourcecode.swift; path = TimeSettingForDetoxViewModel.swift; sourceTree = "<group>"; };
		EA52C5082B68CB4A0012F37B /* DetoxViewModel.swift */ = {isa = PBXFileReference; lastKnownFileType = sourcecode.swift; path = DetoxViewModel.swift; sourceTree = "<group>"; };
		EA52C50A2B68D4550012F37B /* DS-DIGI.TTF */ = {isa = PBXFileReference; lastKnownFileType = file; path = "DS-DIGI.TTF"; sourceTree = "<group>"; };
		EA52C50C2B68D6680012F37B /* TimeDecideView.swift */ = {isa = PBXFileReference; lastKnownFileType = sourcecode.swift; path = TimeDecideView.swift; sourceTree = "<group>"; };
		EA52C50F2B69105F0012F37B /* TimeTapView.swift */ = {isa = PBXFileReference; lastKnownFileType = sourcecode.swift; path = TimeTapView.swift; sourceTree = "<group>"; };
		EA52C5112B6A1FEC0012F37B /* TimeScrollView.swift */ = {isa = PBXFileReference; lastKnownFileType = sourcecode.swift; path = TimeScrollView.swift; sourceTree = "<group>"; };
/* End PBXFileReference section */

/* Begin PBXFrameworksBuildPhase section */
		EA52C4522B5A55EA0012F37B /* Frameworks */ = {
			isa = PBXFrameworksBuildPhase;
			buildActionMask = 2147483647;
			files = (
				CD7E6B69F60B9E9E3A973060 /* Pods_DecisionToLeave.framework in Frameworks */,
			);
			runOnlyForDeploymentPostprocessing = 0;
		};
		EA52C4682B5A55EC0012F37B /* Frameworks */ = {
			isa = PBXFrameworksBuildPhase;
			buildActionMask = 2147483647;
			files = (
				C5A7CFA6FAF597ABEB977F83 /* Pods_DecisionToLeaveTests.framework in Frameworks */,
			);
			runOnlyForDeploymentPostprocessing = 0;
		};
		EA52C4722B5A55EC0012F37B /* Frameworks */ = {
			isa = PBXFrameworksBuildPhase;
			buildActionMask = 2147483647;
			files = (
				912AC9F0A3FE56A765A3935E /* Pods_DecisionToLeave_DecisionToLeaveUITests.framework in Frameworks */,
			);
			runOnlyForDeploymentPostprocessing = 0;
		};
/* End PBXFrameworksBuildPhase section */

/* Begin PBXGroup section */
		BA3C67E992E771C29BAA2F21 /* Frameworks */ = {
			isa = PBXGroup;
			children = (
				C8576E1054D20281F0265C00 /* Pods_DecisionToLeave.framework */,
				88449515B06B3E5A563F1642 /* Pods_DecisionToLeave_DecisionToLeaveUITests.framework */,
				0C03A168E64712CF31AAC1B9 /* Pods_DecisionToLeaveTests.framework */,
			);
			name = Frameworks;
			sourceTree = "<group>";
		};
		E10876996A68CE6D8833DBE2 /* Pods */ = {
			isa = PBXGroup;
			children = (
				CF6DC5864A1F96743EAAAC69 /* Pods-DecisionToLeave.debug.xcconfig */,
				30EFA7110DCA44EC14E00C82 /* Pods-DecisionToLeave.release.xcconfig */,
				7B072A74FD1B3FCCB8B950DD /* Pods-DecisionToLeave-DecisionToLeaveUITests.debug.xcconfig */,
				70DF45A86EBD9FC91BAC862B /* Pods-DecisionToLeave-DecisionToLeaveUITests.release.xcconfig */,
				2FE8A0C17BE078B9C8BF516C /* Pods-DecisionToLeaveTests.debug.xcconfig */,
				555B3D66D9F75692DCCA5F92 /* Pods-DecisionToLeaveTests.release.xcconfig */,
			);
			path = Pods;
			sourceTree = "<group>";
		};
		EA52C44C2B5A55EA0012F37B = {
			isa = PBXGroup;
			children = (
				EA52C4572B5A55EA0012F37B /* DecisionToLeave */,
				EA52C46E2B5A55EC0012F37B /* DecisionToLeaveTests */,
				EA52C4782B5A55EC0012F37B /* DecisionToLeaveUITests */,
				EA52C4562B5A55EA0012F37B /* Products */,
				E10876996A68CE6D8833DBE2 /* Pods */,
				BA3C67E992E771C29BAA2F21 /* Frameworks */,
			);
			sourceTree = "<group>";
		};
		EA52C4562B5A55EA0012F37B /* Products */ = {
			isa = PBXGroup;
			children = (
				EA52C4552B5A55EA0012F37B /* DecisionToLeave.app */,
				EA52C46B2B5A55EC0012F37B /* DecisionToLeaveTests.xctest */,
				EA52C4752B5A55EC0012F37B /* DecisionToLeaveUITests.xctest */,
			);
			name = Products;
			sourceTree = "<group>";
		};
		EA52C4572B5A55EA0012F37B /* DecisionToLeave */ = {
			isa = PBXGroup;
			children = (
				EA52C4582B5A55EA0012F37B /* AppDelegate.swift */,
				EA52C45A2B5A55EA0012F37B /* SceneDelegate.swift */,
				EA52C4B52B622D260012F37B /* Shared */,
				EA52C48D2B5A56470012F37B /* Fonts */,
				EA52C48E2B5A564B0012F37B /* Helpers */,
				EA52C48C2B5A56370012F37B /* Model */,
				EA52C48B2B5A562F0012F37B /* ViewModel */,
				EA52C48A2B5A562A0012F37B /* View */,
				EA52C45E2B5A55EA0012F37B /* Main.storyboard */,
				EA52C4612B5A55EC0012F37B /* Assets.xcassets */,
				EA52C4632B5A55EC0012F37B /* LaunchScreen.storyboard */,
				EA52C4662B5A55EC0012F37B /* Info.plist */,
			);
			path = DecisionToLeave;
			sourceTree = "<group>";
		};
		EA52C46E2B5A55EC0012F37B /* DecisionToLeaveTests */ = {
			isa = PBXGroup;
			children = (
				EA52C46F2B5A55EC0012F37B /* DecisionToLeaveTests.swift */,
			);
			path = DecisionToLeaveTests;
			sourceTree = "<group>";
		};
		EA52C4782B5A55EC0012F37B /* DecisionToLeaveUITests */ = {
			isa = PBXGroup;
			children = (
				EA52C4792B5A55EC0012F37B /* DecisionToLeaveUITests.swift */,
				EA52C47B2B5A55EC0012F37B /* DecisionToLeaveUITestsLaunchTests.swift */,
			);
			path = DecisionToLeaveUITests;
			sourceTree = "<group>";
		};
		EA52C48A2B5A562A0012F37B /* View */ = {
			isa = PBXGroup;
			children = (
				EA52C4912B5A577F0012F37B /* TabBar */,
				EA52C4AF2B621DD40012F37B /* DetoxView */,
				EA52C4B02B621DDD0012F37B /* SettingView */,
			);
			path = View;
			sourceTree = "<group>";
		};
		EA52C48B2B5A562F0012F37B /* ViewModel */ = {
			isa = PBXGroup;
			children = (
				EA52C49E2B60D5D40012F37B /* CustomTabBarViewModel.swift */,
				EA52C5082B68CB4A0012F37B /* DetoxViewModel.swift */,
				EA52C5062B68CA900012F37B /* TimeSettingForDetoxViewModel.swift */,
			);
			path = ViewModel;
			sourceTree = "<group>";
		};
		EA52C48C2B5A56370012F37B /* Model */ = {
			isa = PBXGroup;
			children = (
			);
			path = Model;
			sourceTree = "<group>";
		};
		EA52C48D2B5A56470012F37B /* Fonts */ = {
			isa = PBXGroup;
			children = (
				EA52C4A92B613C210012F37B /* LINESeedKR-Bd.otf */,
				EA52C4AA2B613C210012F37B /* LINESeedKR-Rg.otf */,
				EA52C4932B5A57A40012F37B /* LINESeedKR-Th.otf */,
				EA52C50A2B68D4550012F37B /* DS-DIGI.TTF */,
			);
			path = Fonts;
			sourceTree = "<group>";
		};
		EA52C48E2B5A564B0012F37B /* Helpers */ = {
			isa = PBXGroup;
			children = (
				EA52C48F2B5A565B0012F37B /* ViewDrawable.swift */,
				EA52C4982B5A586A0012F37B /* Bindable.swift */,
				EA52C49C2B5A58F20012F37B /* MyColor.swift */,
				EA52C4A72B613A6D0012F37B /* MyFonts.swift */,
				EA52C4BB2B623C0D0012F37B /* CustomNavigationBar.swift */,
			);
			path = Helpers;
			sourceTree = "<group>";
		};
		EA52C4912B5A577F0012F37B /* TabBar */ = {
			isa = PBXGroup;
			children = (
				EA52C4A02B60E43D0012F37B /* MainTabBarController.swift */,
				EA52C49A2B5A58880012F37B /* CustomTabBar.swift */,
			);
			path = TabBar;
			sourceTree = "<group>";
		};
		EA52C4AF2B621DD40012F37B /* DetoxView */ = {
			isa = PBXGroup;
			children = (
				EA52C45C2B5A55EA0012F37B /* DetoxController.swift */,
				EA52C4B12B621E050012F37B /* CreateDetoxView.swift */,
				EA52C4BD2B6249BD0012F37B /* TimeReminderView.swift */,
				EA52C50E2B690E5E0012F37B /* CustomCloseButton */,
				EA52C4BA2B6235090012F37B /* PresentView */,
			);
			path = DetoxView;
			sourceTree = "<group>";
		};
		EA52C4B02B621DDD0012F37B /* SettingView */ = {
			isa = PBXGroup;
			children = (
				EA52C4882B5A56120012F37B /* SettingController.swift */,
			);
			path = SettingView;
			sourceTree = "<group>";
		};
		EA52C4B52B622D260012F37B /* Shared */ = {
			isa = PBXGroup;
			children = (
				EA52C4A32B61207D0012F37B /* DeviceSizeMananger.swift */,
				EA52C4B62B622D5A0012F37B /* DeviceVibrateManager.swift */,
			);
			path = Shared;
			sourceTree = "<group>";
		};
		EA52C4BA2B6235090012F37B /* PresentView */ = {
			isa = PBXGroup;
			children = (
				EA52C4B82B6234C80012F37B /* TimeSettingForDetoxController.swift */,
				EA52C50C2B68D6680012F37B /* TimeDecideView.swift */,
				EA52C50F2B69105F0012F37B /* TimeTapView.swift */,
				EA52C5112B6A1FEC0012F37B /* TimeScrollView.swift */,
			);
			path = PresentView;
			sourceTree = "<group>";
		};
		EA52C50E2B690E5E0012F37B /* CustomCloseButton */ = {
			isa = PBXGroup;
			children = (
				EA52C4C42B67951C0012F37B /* CustomCloseButton.swift */,
			);
			path = CustomCloseButton;
			sourceTree = "<group>";
		};
/* End PBXGroup section */

/* Begin PBXNativeTarget section */
		EA52C4542B5A55EA0012F37B /* DecisionToLeave */ = {
			isa = PBXNativeTarget;
			buildConfigurationList = EA52C47F2B5A55EC0012F37B /* Build configuration list for PBXNativeTarget "DecisionToLeave" */;
			buildPhases = (
				82BEE58F0F5C9BF7009B7266 /* [CP] Check Pods Manifest.lock */,
				EA52C4512B5A55EA0012F37B /* Sources */,
				EA52C4522B5A55EA0012F37B /* Frameworks */,
				EA52C4532B5A55EA0012F37B /* Resources */,
				98EA39E8DEDFEB68A41B1C2C /* [CP] Embed Pods Frameworks */,
			);
			buildRules = (
			);
			dependencies = (
			);
			name = DecisionToLeave;
			productName = DecisionToLeave;
			productReference = EA52C4552B5A55EA0012F37B /* DecisionToLeave.app */;
			productType = "com.apple.product-type.application";
		};
		EA52C46A2B5A55EC0012F37B /* DecisionToLeaveTests */ = {
			isa = PBXNativeTarget;
			buildConfigurationList = EA52C4822B5A55EC0012F37B /* Build configuration list for PBXNativeTarget "DecisionToLeaveTests" */;
			buildPhases = (
				8FF2A4007FB427AE6039091B /* [CP] Check Pods Manifest.lock */,
				EA52C4672B5A55EC0012F37B /* Sources */,
				EA52C4682B5A55EC0012F37B /* Frameworks */,
				EA52C4692B5A55EC0012F37B /* Resources */,
			);
			buildRules = (
			);
			dependencies = (
				EA52C46D2B5A55EC0012F37B /* PBXTargetDependency */,
			);
			name = DecisionToLeaveTests;
			productName = DecisionToLeaveTests;
			productReference = EA52C46B2B5A55EC0012F37B /* DecisionToLeaveTests.xctest */;
			productType = "com.apple.product-type.bundle.unit-test";
		};
		EA52C4742B5A55EC0012F37B /* DecisionToLeaveUITests */ = {
			isa = PBXNativeTarget;
			buildConfigurationList = EA52C4852B5A55EC0012F37B /* Build configuration list for PBXNativeTarget "DecisionToLeaveUITests" */;
			buildPhases = (
				FF5AE7A9512F4B1C3A1B21DF /* [CP] Check Pods Manifest.lock */,
				EA52C4712B5A55EC0012F37B /* Sources */,
				EA52C4722B5A55EC0012F37B /* Frameworks */,
				EA52C4732B5A55EC0012F37B /* Resources */,
				78913050E522790C5E8CF9E6 /* [CP] Embed Pods Frameworks */,
			);
			buildRules = (
			);
			dependencies = (
				EA52C4772B5A55EC0012F37B /* PBXTargetDependency */,
			);
			name = DecisionToLeaveUITests;
			productName = DecisionToLeaveUITests;
			productReference = EA52C4752B5A55EC0012F37B /* DecisionToLeaveUITests.xctest */;
			productType = "com.apple.product-type.bundle.ui-testing";
		};
/* End PBXNativeTarget section */

/* Begin PBXProject section */
		EA52C44D2B5A55EA0012F37B /* Project object */ = {
			isa = PBXProject;
			attributes = {
				BuildIndependentTargetsInParallel = 1;
				LastSwiftUpdateCheck = 1430;
				LastUpgradeCheck = 1430;
				TargetAttributes = {
					EA52C4542B5A55EA0012F37B = {
						CreatedOnToolsVersion = 14.3.1;
					};
					EA52C46A2B5A55EC0012F37B = {
						CreatedOnToolsVersion = 14.3.1;
						TestTargetID = EA52C4542B5A55EA0012F37B;
					};
					EA52C4742B5A55EC0012F37B = {
						CreatedOnToolsVersion = 14.3.1;
						TestTargetID = EA52C4542B5A55EA0012F37B;
					};
				};
			};
			buildConfigurationList = EA52C4502B5A55EA0012F37B /* Build configuration list for PBXProject "DecisionToLeave" */;
			compatibilityVersion = "Xcode 14.0";
			developmentRegion = en;
			hasScannedForEncodings = 0;
			knownRegions = (
				en,
				Base,
			);
			mainGroup = EA52C44C2B5A55EA0012F37B;
			productRefGroup = EA52C4562B5A55EA0012F37B /* Products */;
			projectDirPath = "";
			projectRoot = "";
			targets = (
				EA52C4542B5A55EA0012F37B /* DecisionToLeave */,
				EA52C46A2B5A55EC0012F37B /* DecisionToLeaveTests */,
				EA52C4742B5A55EC0012F37B /* DecisionToLeaveUITests */,
			);
		};
/* End PBXProject section */

/* Begin PBXResourcesBuildPhase section */
		EA52C4532B5A55EA0012F37B /* Resources */ = {
			isa = PBXResourcesBuildPhase;
			buildActionMask = 2147483647;
			files = (
				EA52C4AC2B613C210012F37B /* LINESeedKR-Bd.otf in Resources */,
				EA52C4652B5A55EC0012F37B /* LaunchScreen.storyboard in Resources */,
				EA52C4962B5A57A40012F37B /* LINESeedKR-Th.otf in Resources */,
				EA52C4AD2B613C210012F37B /* LINESeedKR-Rg.otf in Resources */,
				EA52C4622B5A55EC0012F37B /* Assets.xcassets in Resources */,
				EA52C50B2B68D4550012F37B /* DS-DIGI.TTF in Resources */,
				EA52C4602B5A55EA0012F37B /* Main.storyboard in Resources */,
			);
			runOnlyForDeploymentPostprocessing = 0;
		};
		EA52C4692B5A55EC0012F37B /* Resources */ = {
			isa = PBXResourcesBuildPhase;
			buildActionMask = 2147483647;
			files = (
			);
			runOnlyForDeploymentPostprocessing = 0;
		};
		EA52C4732B5A55EC0012F37B /* Resources */ = {
			isa = PBXResourcesBuildPhase;
			buildActionMask = 2147483647;
			files = (
			);
			runOnlyForDeploymentPostprocessing = 0;
		};
/* End PBXResourcesBuildPhase section */

/* Begin PBXShellScriptBuildPhase section */
		78913050E522790C5E8CF9E6 /* [CP] Embed Pods Frameworks */ = {
			isa = PBXShellScriptBuildPhase;
			buildActionMask = 2147483647;
			files = (
			);
			inputFileListPaths = (
				"${PODS_ROOT}/Target Support Files/Pods-DecisionToLeave-DecisionToLeaveUITests/Pods-DecisionToLeave-DecisionToLeaveUITests-frameworks-${CONFIGURATION}-input-files.xcfilelist",
			);
			name = "[CP] Embed Pods Frameworks";
			outputFileListPaths = (
				"${PODS_ROOT}/Target Support Files/Pods-DecisionToLeave-DecisionToLeaveUITests/Pods-DecisionToLeave-DecisionToLeaveUITests-frameworks-${CONFIGURATION}-output-files.xcfilelist",
			);
			runOnlyForDeploymentPostprocessing = 0;
			shellPath = /bin/sh;
			shellScript = "\"${PODS_ROOT}/Target Support Files/Pods-DecisionToLeave-DecisionToLeaveUITests/Pods-DecisionToLeave-DecisionToLeaveUITests-frameworks.sh\"\n";
			showEnvVarsInLog = 0;
		};
		82BEE58F0F5C9BF7009B7266 /* [CP] Check Pods Manifest.lock */ = {
			isa = PBXShellScriptBuildPhase;
			buildActionMask = 2147483647;
			files = (
			);
			inputFileListPaths = (
			);
			inputPaths = (
				"${PODS_PODFILE_DIR_PATH}/Podfile.lock",
				"${PODS_ROOT}/Manifest.lock",
			);
			name = "[CP] Check Pods Manifest.lock";
			outputFileListPaths = (
			);
			outputPaths = (
				"$(DERIVED_FILE_DIR)/Pods-DecisionToLeave-checkManifestLockResult.txt",
			);
			runOnlyForDeploymentPostprocessing = 0;
			shellPath = /bin/sh;
			shellScript = "diff \"${PODS_PODFILE_DIR_PATH}/Podfile.lock\" \"${PODS_ROOT}/Manifest.lock\" > /dev/null\nif [ $? != 0 ] ; then\n    # print error to STDERR\n    echo \"error: The sandbox is not in sync with the Podfile.lock. Run 'pod install' or update your CocoaPods installation.\" >&2\n    exit 1\nfi\n# This output is used by Xcode 'outputs' to avoid re-running this script phase.\necho \"SUCCESS\" > \"${SCRIPT_OUTPUT_FILE_0}\"\n";
			showEnvVarsInLog = 0;
		};
		8FF2A4007FB427AE6039091B /* [CP] Check Pods Manifest.lock */ = {
			isa = PBXShellScriptBuildPhase;
			buildActionMask = 2147483647;
			files = (
			);
			inputFileListPaths = (
			);
			inputPaths = (
				"${PODS_PODFILE_DIR_PATH}/Podfile.lock",
				"${PODS_ROOT}/Manifest.lock",
			);
			name = "[CP] Check Pods Manifest.lock";
			outputFileListPaths = (
			);
			outputPaths = (
				"$(DERIVED_FILE_DIR)/Pods-DecisionToLeaveTests-checkManifestLockResult.txt",
			);
			runOnlyForDeploymentPostprocessing = 0;
			shellPath = /bin/sh;
			shellScript = "diff \"${PODS_PODFILE_DIR_PATH}/Podfile.lock\" \"${PODS_ROOT}/Manifest.lock\" > /dev/null\nif [ $? != 0 ] ; then\n    # print error to STDERR\n    echo \"error: The sandbox is not in sync with the Podfile.lock. Run 'pod install' or update your CocoaPods installation.\" >&2\n    exit 1\nfi\n# This output is used by Xcode 'outputs' to avoid re-running this script phase.\necho \"SUCCESS\" > \"${SCRIPT_OUTPUT_FILE_0}\"\n";
			showEnvVarsInLog = 0;
		};
		98EA39E8DEDFEB68A41B1C2C /* [CP] Embed Pods Frameworks */ = {
			isa = PBXShellScriptBuildPhase;
			buildActionMask = 2147483647;
			files = (
			);
			inputFileListPaths = (
				"${PODS_ROOT}/Target Support Files/Pods-DecisionToLeave/Pods-DecisionToLeave-frameworks-${CONFIGURATION}-input-files.xcfilelist",
			);
			name = "[CP] Embed Pods Frameworks";
			outputFileListPaths = (
				"${PODS_ROOT}/Target Support Files/Pods-DecisionToLeave/Pods-DecisionToLeave-frameworks-${CONFIGURATION}-output-files.xcfilelist",
			);
			runOnlyForDeploymentPostprocessing = 0;
			shellPath = /bin/sh;
			shellScript = "\"${PODS_ROOT}/Target Support Files/Pods-DecisionToLeave/Pods-DecisionToLeave-frameworks.sh\"\n";
			showEnvVarsInLog = 0;
		};
		FF5AE7A9512F4B1C3A1B21DF /* [CP] Check Pods Manifest.lock */ = {
			isa = PBXShellScriptBuildPhase;
			buildActionMask = 2147483647;
			files = (
			);
			inputFileListPaths = (
			);
			inputPaths = (
				"${PODS_PODFILE_DIR_PATH}/Podfile.lock",
				"${PODS_ROOT}/Manifest.lock",
			);
			name = "[CP] Check Pods Manifest.lock";
			outputFileListPaths = (
			);
			outputPaths = (
				"$(DERIVED_FILE_DIR)/Pods-DecisionToLeave-DecisionToLeaveUITests-checkManifestLockResult.txt",
			);
			runOnlyForDeploymentPostprocessing = 0;
			shellPath = /bin/sh;
			shellScript = "diff \"${PODS_PODFILE_DIR_PATH}/Podfile.lock\" \"${PODS_ROOT}/Manifest.lock\" > /dev/null\nif [ $? != 0 ] ; then\n    # print error to STDERR\n    echo \"error: The sandbox is not in sync with the Podfile.lock. Run 'pod install' or update your CocoaPods installation.\" >&2\n    exit 1\nfi\n# This output is used by Xcode 'outputs' to avoid re-running this script phase.\necho \"SUCCESS\" > \"${SCRIPT_OUTPUT_FILE_0}\"\n";
			showEnvVarsInLog = 0;
		};
/* End PBXShellScriptBuildPhase section */

/* Begin PBXSourcesBuildPhase section */
		EA52C4512B5A55EA0012F37B /* Sources */ = {
			isa = PBXSourcesBuildPhase;
			buildActionMask = 2147483647;
			files = (
				EA52C4B92B6234C80012F37B /* TimeSettingForDetoxController.swift in Sources */,
				EA52C4B22B621E050012F37B /* CreateDetoxView.swift in Sources */,
				EA52C50D2B68D6680012F37B /* TimeDecideView.swift in Sources */,
				EA52C4892B5A56120012F37B /* SettingController.swift in Sources */,
				EA52C4A42B61207D0012F37B /* DeviceSizeMananger.swift in Sources */,
				EA52C4BC2B623C0D0012F37B /* CustomNavigationBar.swift in Sources */,
				EA52C5072B68CA900012F37B /* TimeSettingForDetoxViewModel.swift in Sources */,
				EA52C4902B5A565B0012F37B /* ViewDrawable.swift in Sources */,
				EA52C4BE2B6249BD0012F37B /* TimeReminderView.swift in Sources */,
				EA52C4A12B60E43D0012F37B /* MainTabBarController.swift in Sources */,
				EA52C49B2B5A58880012F37B /* CustomTabBar.swift in Sources */,
				EA52C5102B69105F0012F37B /* TimeTapView.swift in Sources */,
				EA52C4C52B67951C0012F37B /* CustomCloseButton.swift in Sources */,
				EA52C4992B5A586A0012F37B /* Bindable.swift in Sources */,
				EA52C45D2B5A55EA0012F37B /* DetoxController.swift in Sources */,
				EA52C49F2B60D5D40012F37B /* CustomTabBarViewModel.swift in Sources */,
				EA52C5122B6A1FEC0012F37B /* TimeScrollView.swift in Sources */,
				EA52C4A82B613A6D0012F37B /* MyFonts.swift in Sources */,
				EA52C4B72B622D5A0012F37B /* DeviceVibrateManager.swift in Sources */,
				EA52C49D2B5A58F20012F37B /* MyColor.swift in Sources */,
				EA52C4592B5A55EA0012F37B /* AppDelegate.swift in Sources */,
				EA52C45B2B5A55EA0012F37B /* SceneDelegate.swift in Sources */,
				EA52C5092B68CB4A0012F37B /* DetoxViewModel.swift in Sources */,
			);
			runOnlyForDeploymentPostprocessing = 0;
		};
		EA52C4672B5A55EC0012F37B /* Sources */ = {
			isa = PBXSourcesBuildPhase;
			buildActionMask = 2147483647;
			files = (
				EA52C4702B5A55EC0012F37B /* DecisionToLeaveTests.swift in Sources */,
			);
			runOnlyForDeploymentPostprocessing = 0;
		};
		EA52C4712B5A55EC0012F37B /* Sources */ = {
			isa = PBXSourcesBuildPhase;
			buildActionMask = 2147483647;
			files = (
				EA52C47A2B5A55EC0012F37B /* DecisionToLeaveUITests.swift in Sources */,
				EA52C47C2B5A55EC0012F37B /* DecisionToLeaveUITestsLaunchTests.swift in Sources */,
			);
			runOnlyForDeploymentPostprocessing = 0;
		};
/* End PBXSourcesBuildPhase section */

/* Begin PBXTargetDependency section */
		EA52C46D2B5A55EC0012F37B /* PBXTargetDependency */ = {
			isa = PBXTargetDependency;
			target = EA52C4542B5A55EA0012F37B /* DecisionToLeave */;
			targetProxy = EA52C46C2B5A55EC0012F37B /* PBXContainerItemProxy */;
		};
		EA52C4772B5A55EC0012F37B /* PBXTargetDependency */ = {
			isa = PBXTargetDependency;
			target = EA52C4542B5A55EA0012F37B /* DecisionToLeave */;
			targetProxy = EA52C4762B5A55EC0012F37B /* PBXContainerItemProxy */;
		};
/* End PBXTargetDependency section */

/* Begin PBXVariantGroup section */
		EA52C45E2B5A55EA0012F37B /* Main.storyboard */ = {
			isa = PBXVariantGroup;
			children = (
				EA52C45F2B5A55EA0012F37B /* Base */,
			);
			name = Main.storyboard;
			sourceTree = "<group>";
		};
		EA52C4632B5A55EC0012F37B /* LaunchScreen.storyboard */ = {
			isa = PBXVariantGroup;
			children = (
				EA52C4642B5A55EC0012F37B /* Base */,
			);
			name = LaunchScreen.storyboard;
			sourceTree = "<group>";
		};
/* End PBXVariantGroup section */

/* Begin XCBuildConfiguration section */
		EA52C47D2B5A55EC0012F37B /* Debug */ = {
			isa = XCBuildConfiguration;
			buildSettings = {
				ALWAYS_SEARCH_USER_PATHS = NO;
				CLANG_ANALYZER_NONNULL = YES;
				CLANG_ANALYZER_NUMBER_OBJECT_CONVERSION = YES_AGGRESSIVE;
				CLANG_CXX_LANGUAGE_STANDARD = "gnu++20";
				CLANG_ENABLE_MODULES = YES;
				CLANG_ENABLE_OBJC_ARC = YES;
				CLANG_ENABLE_OBJC_WEAK = YES;
				CLANG_WARN_BLOCK_CAPTURE_AUTORELEASING = YES;
				CLANG_WARN_BOOL_CONVERSION = YES;
				CLANG_WARN_COMMA = YES;
				CLANG_WARN_CONSTANT_CONVERSION = YES;
				CLANG_WARN_DEPRECATED_OBJC_IMPLEMENTATIONS = YES;
				CLANG_WARN_DIRECT_OBJC_ISA_USAGE = YES_ERROR;
				CLANG_WARN_DOCUMENTATION_COMMENTS = YES;
				CLANG_WARN_EMPTY_BODY = YES;
				CLANG_WARN_ENUM_CONVERSION = YES;
				CLANG_WARN_INFINITE_RECURSION = YES;
				CLANG_WARN_INT_CONVERSION = YES;
				CLANG_WARN_NON_LITERAL_NULL_CONVERSION = YES;
				CLANG_WARN_OBJC_IMPLICIT_RETAIN_SELF = YES;
				CLANG_WARN_OBJC_LITERAL_CONVERSION = YES;
				CLANG_WARN_OBJC_ROOT_CLASS = YES_ERROR;
				CLANG_WARN_QUOTED_INCLUDE_IN_FRAMEWORK_HEADER = YES;
				CLANG_WARN_RANGE_LOOP_ANALYSIS = YES;
				CLANG_WARN_STRICT_PROTOTYPES = YES;
				CLANG_WARN_SUSPICIOUS_MOVE = YES;
				CLANG_WARN_UNGUARDED_AVAILABILITY = YES_AGGRESSIVE;
				CLANG_WARN_UNREACHABLE_CODE = YES;
				CLANG_WARN__DUPLICATE_METHOD_MATCH = YES;
				COPY_PHASE_STRIP = NO;
				DEBUG_INFORMATION_FORMAT = dwarf;
				ENABLE_STRICT_OBJC_MSGSEND = YES;
				ENABLE_TESTABILITY = YES;
				GCC_C_LANGUAGE_STANDARD = gnu11;
				GCC_DYNAMIC_NO_PIC = NO;
				GCC_NO_COMMON_BLOCKS = YES;
				GCC_OPTIMIZATION_LEVEL = 0;
				GCC_PREPROCESSOR_DEFINITIONS = (
					"DEBUG=1",
					"$(inherited)",
				);
				GCC_WARN_64_TO_32_BIT_CONVERSION = YES;
				GCC_WARN_ABOUT_RETURN_TYPE = YES_ERROR;
				GCC_WARN_UNDECLARED_SELECTOR = YES;
				GCC_WARN_UNINITIALIZED_AUTOS = YES_AGGRESSIVE;
				GCC_WARN_UNUSED_FUNCTION = YES;
				GCC_WARN_UNUSED_VARIABLE = YES;
				IPHONEOS_DEPLOYMENT_TARGET = 16.4;
				MTL_ENABLE_DEBUG_INFO = INCLUDE_SOURCE;
				MTL_FAST_MATH = YES;
				ONLY_ACTIVE_ARCH = YES;
				SDKROOT = iphoneos;
				SWIFT_ACTIVE_COMPILATION_CONDITIONS = DEBUG;
				SWIFT_OPTIMIZATION_LEVEL = "-Onone";
			};
			name = Debug;
		};
		EA52C47E2B5A55EC0012F37B /* Release */ = {
			isa = XCBuildConfiguration;
			buildSettings = {
				ALWAYS_SEARCH_USER_PATHS = NO;
				CLANG_ANALYZER_NONNULL = YES;
				CLANG_ANALYZER_NUMBER_OBJECT_CONVERSION = YES_AGGRESSIVE;
				CLANG_CXX_LANGUAGE_STANDARD = "gnu++20";
				CLANG_ENABLE_MODULES = YES;
				CLANG_ENABLE_OBJC_ARC = YES;
				CLANG_ENABLE_OBJC_WEAK = YES;
				CLANG_WARN_BLOCK_CAPTURE_AUTORELEASING = YES;
				CLANG_WARN_BOOL_CONVERSION = YES;
				CLANG_WARN_COMMA = YES;
				CLANG_WARN_CONSTANT_CONVERSION = YES;
				CLANG_WARN_DEPRECATED_OBJC_IMPLEMENTATIONS = YES;
				CLANG_WARN_DIRECT_OBJC_ISA_USAGE = YES_ERROR;
				CLANG_WARN_DOCUMENTATION_COMMENTS = YES;
				CLANG_WARN_EMPTY_BODY = YES;
				CLANG_WARN_ENUM_CONVERSION = YES;
				CLANG_WARN_INFINITE_RECURSION = YES;
				CLANG_WARN_INT_CONVERSION = YES;
				CLANG_WARN_NON_LITERAL_NULL_CONVERSION = YES;
				CLANG_WARN_OBJC_IMPLICIT_RETAIN_SELF = YES;
				CLANG_WARN_OBJC_LITERAL_CONVERSION = YES;
				CLANG_WARN_OBJC_ROOT_CLASS = YES_ERROR;
				CLANG_WARN_QUOTED_INCLUDE_IN_FRAMEWORK_HEADER = YES;
				CLANG_WARN_RANGE_LOOP_ANALYSIS = YES;
				CLANG_WARN_STRICT_PROTOTYPES = YES;
				CLANG_WARN_SUSPICIOUS_MOVE = YES;
				CLANG_WARN_UNGUARDED_AVAILABILITY = YES_AGGRESSIVE;
				CLANG_WARN_UNREACHABLE_CODE = YES;
				CLANG_WARN__DUPLICATE_METHOD_MATCH = YES;
				COPY_PHASE_STRIP = NO;
				DEBUG_INFORMATION_FORMAT = "dwarf-with-dsym";
				ENABLE_NS_ASSERTIONS = NO;
				ENABLE_STRICT_OBJC_MSGSEND = YES;
				GCC_C_LANGUAGE_STANDARD = gnu11;
				GCC_NO_COMMON_BLOCKS = YES;
				GCC_WARN_64_TO_32_BIT_CONVERSION = YES;
				GCC_WARN_ABOUT_RETURN_TYPE = YES_ERROR;
				GCC_WARN_UNDECLARED_SELECTOR = YES;
				GCC_WARN_UNINITIALIZED_AUTOS = YES_AGGRESSIVE;
				GCC_WARN_UNUSED_FUNCTION = YES;
				GCC_WARN_UNUSED_VARIABLE = YES;
				IPHONEOS_DEPLOYMENT_TARGET = 16.4;
				MTL_ENABLE_DEBUG_INFO = NO;
				MTL_FAST_MATH = YES;
				SDKROOT = iphoneos;
				SWIFT_COMPILATION_MODE = wholemodule;
				SWIFT_OPTIMIZATION_LEVEL = "-O";
				VALIDATE_PRODUCT = YES;
			};
			name = Release;
		};
		EA52C4802B5A55EC0012F37B /* Debug */ = {
			isa = XCBuildConfiguration;
			baseConfigurationReference = CF6DC5864A1F96743EAAAC69 /* Pods-DecisionToLeave.debug.xcconfig */;
			buildSettings = {
				ASSETCATALOG_COMPILER_APPICON_NAME = AppIcon;
				ASSETCATALOG_COMPILER_GLOBAL_ACCENT_COLOR_NAME = AccentColor;
				CODE_SIGN_STYLE = Automatic;
				CURRENT_PROJECT_VERSION = 1;
				DEVELOPMENT_TEAM = T9LJ52AQY5;
				GENERATE_INFOPLIST_FILE = YES;
				INFOPLIST_FILE = DecisionToLeave/Info.plist;
				INFOPLIST_KEY_UIApplicationSupportsIndirectInputEvents = YES;
				INFOPLIST_KEY_UILaunchStoryboardName = LaunchScreen;
				INFOPLIST_KEY_UIMainStoryboardFile = Main;
				INFOPLIST_KEY_UISupportedInterfaceOrientations = UIInterfaceOrientationPortrait;
				IPHONEOS_DEPLOYMENT_TARGET = 14.7;
				LD_RUNPATH_SEARCH_PATHS = (
					"$(inherited)",
					"@executable_path/Frameworks",
				);
				MARKETING_VERSION = 1.0;
				PRODUCT_BUNDLE_IDENTIFIER = com.tistory.frenchmarigold.DecisionToLeave;
				PRODUCT_NAME = "$(TARGET_NAME)";
				SWIFT_EMIT_LOC_STRINGS = YES;
				SWIFT_VERSION = 5.0;
				TARGETED_DEVICE_FAMILY = "1,2";
			};
			name = Debug;
		};
		EA52C4812B5A55EC0012F37B /* Release */ = {
			isa = XCBuildConfiguration;
			baseConfigurationReference = 30EFA7110DCA44EC14E00C82 /* Pods-DecisionToLeave.release.xcconfig */;
			buildSettings = {
				ASSETCATALOG_COMPILER_APPICON_NAME = AppIcon;
				ASSETCATALOG_COMPILER_GLOBAL_ACCENT_COLOR_NAME = AccentColor;
				CODE_SIGN_STYLE = Automatic;
				CURRENT_PROJECT_VERSION = 1;
				DEVELOPMENT_TEAM = T9LJ52AQY5;
				GENERATE_INFOPLIST_FILE = YES;
				INFOPLIST_FILE = DecisionToLeave/Info.plist;
				INFOPLIST_KEY_UIApplicationSupportsIndirectInputEvents = YES;
				INFOPLIST_KEY_UILaunchStoryboardName = LaunchScreen;
				INFOPLIST_KEY_UIMainStoryboardFile = Main;
				INFOPLIST_KEY_UISupportedInterfaceOrientations = UIInterfaceOrientationPortrait;
				IPHONEOS_DEPLOYMENT_TARGET = 14.7;
				LD_RUNPATH_SEARCH_PATHS = (
					"$(inherited)",
					"@executable_path/Frameworks",
				);
				MARKETING_VERSION = 1.0;
				PRODUCT_BUNDLE_IDENTIFIER = com.tistory.frenchmarigold.DecisionToLeave;
				PRODUCT_NAME = "$(TARGET_NAME)";
				SWIFT_EMIT_LOC_STRINGS = YES;
				SWIFT_VERSION = 5.0;
				TARGETED_DEVICE_FAMILY = "1,2";
			};
			name = Release;
		};
		EA52C4832B5A55EC0012F37B /* Debug */ = {
			isa = XCBuildConfiguration;
			baseConfigurationReference = 2FE8A0C17BE078B9C8BF516C /* Pods-DecisionToLeaveTests.debug.xcconfig */;
			buildSettings = {
				ALWAYS_EMBED_SWIFT_STANDARD_LIBRARIES = YES;
				BUNDLE_LOADER = "$(TEST_HOST)";
				CODE_SIGN_STYLE = Automatic;
				CURRENT_PROJECT_VERSION = 1;
				DEVELOPMENT_TEAM = T9LJ52AQY5;
				GENERATE_INFOPLIST_FILE = YES;
				IPHONEOS_DEPLOYMENT_TARGET = 16.4;
				MARKETING_VERSION = 1.0;
				PRODUCT_BUNDLE_IDENTIFIER = com.tistory.frenchmarigold.DecisionToLeaveTests;
				PRODUCT_NAME = "$(TARGET_NAME)";
				SWIFT_EMIT_LOC_STRINGS = NO;
				SWIFT_VERSION = 5.0;
				TARGETED_DEVICE_FAMILY = "1,2";
				TEST_HOST = "$(BUILT_PRODUCTS_DIR)/DecisionToLeave.app/$(BUNDLE_EXECUTABLE_FOLDER_PATH)/DecisionToLeave";
			};
			name = Debug;
		};
		EA52C4842B5A55EC0012F37B /* Release */ = {
			isa = XCBuildConfiguration;
			baseConfigurationReference = 555B3D66D9F75692DCCA5F92 /* Pods-DecisionToLeaveTests.release.xcconfig */;
			buildSettings = {
				ALWAYS_EMBED_SWIFT_STANDARD_LIBRARIES = YES;
				BUNDLE_LOADER = "$(TEST_HOST)";
				CODE_SIGN_STYLE = Automatic;
				CURRENT_PROJECT_VERSION = 1;
				DEVELOPMENT_TEAM = T9LJ52AQY5;
				GENERATE_INFOPLIST_FILE = YES;
				IPHONEOS_DEPLOYMENT_TARGET = 16.4;
				MARKETING_VERSION = 1.0;
				PRODUCT_BUNDLE_IDENTIFIER = com.tistory.frenchmarigold.DecisionToLeaveTests;
				PRODUCT_NAME = "$(TARGET_NAME)";
				SWIFT_EMIT_LOC_STRINGS = NO;
				SWIFT_VERSION = 5.0;
				TARGETED_DEVICE_FAMILY = "1,2";
				TEST_HOST = "$(BUILT_PRODUCTS_DIR)/DecisionToLeave.app/$(BUNDLE_EXECUTABLE_FOLDER_PATH)/DecisionToLeave";
			};
			name = Release;
		};
		EA52C4862B5A55EC0012F37B /* Debug */ = {
			isa = XCBuildConfiguration;
			baseConfigurationReference = 7B072A74FD1B3FCCB8B950DD /* Pods-DecisionToLeave-DecisionToLeaveUITests.debug.xcconfig */;
			buildSettings = {
				ALWAYS_EMBED_SWIFT_STANDARD_LIBRARIES = YES;
				CODE_SIGN_STYLE = Automatic;
				CURRENT_PROJECT_VERSION = 1;
				DEVELOPMENT_TEAM = T9LJ52AQY5;
				GENERATE_INFOPLIST_FILE = YES;
				MARKETING_VERSION = 1.0;
				PRODUCT_BUNDLE_IDENTIFIER = com.tistory.frenchmarigold.DecisionToLeaveUITests;
				PRODUCT_NAME = "$(TARGET_NAME)";
				SWIFT_EMIT_LOC_STRINGS = NO;
				SWIFT_VERSION = 5.0;
				TARGETED_DEVICE_FAMILY = "1,2";
				TEST_TARGET_NAME = DecisionToLeave;
			};
			name = Debug;
		};
		EA52C4872B5A55EC0012F37B /* Release */ = {
			isa = XCBuildConfiguration;
			baseConfigurationReference = 70DF45A86EBD9FC91BAC862B /* Pods-DecisionToLeave-DecisionToLeaveUITests.release.xcconfig */;
			buildSettings = {
				ALWAYS_EMBED_SWIFT_STANDARD_LIBRARIES = YES;
				CODE_SIGN_STYLE = Automatic;
				CURRENT_PROJECT_VERSION = 1;
				DEVELOPMENT_TEAM = T9LJ52AQY5;
				GENERATE_INFOPLIST_FILE = YES;
				MARKETING_VERSION = 1.0;
				PRODUCT_BUNDLE_IDENTIFIER = com.tistory.frenchmarigold.DecisionToLeaveUITests;
				PRODUCT_NAME = "$(TARGET_NAME)";
				SWIFT_EMIT_LOC_STRINGS = NO;
				SWIFT_VERSION = 5.0;
				TARGETED_DEVICE_FAMILY = "1,2";
				TEST_TARGET_NAME = DecisionToLeave;
			};
			name = Release;
		};
/* End XCBuildConfiguration section */

/* Begin XCConfigurationList section */
		EA52C4502B5A55EA0012F37B /* Build configuration list for PBXProject "DecisionToLeave" */ = {
			isa = XCConfigurationList;
			buildConfigurations = (
				EA52C47D2B5A55EC0012F37B /* Debug */,
				EA52C47E2B5A55EC0012F37B /* Release */,
			);
			defaultConfigurationIsVisible = 0;
			defaultConfigurationName = Release;
		};
		EA52C47F2B5A55EC0012F37B /* Build configuration list for PBXNativeTarget "DecisionToLeave" */ = {
			isa = XCConfigurationList;
			buildConfigurations = (
				EA52C4802B5A55EC0012F37B /* Debug */,
				EA52C4812B5A55EC0012F37B /* Release */,
			);
			defaultConfigurationIsVisible = 0;
			defaultConfigurationName = Release;
		};
		EA52C4822B5A55EC0012F37B /* Build configuration list for PBXNativeTarget "DecisionToLeaveTests" */ = {
			isa = XCConfigurationList;
			buildConfigurations = (
				EA52C4832B5A55EC0012F37B /* Debug */,
				EA52C4842B5A55EC0012F37B /* Release */,
			);
			defaultConfigurationIsVisible = 0;
			defaultConfigurationName = Release;
		};
		EA52C4852B5A55EC0012F37B /* Build configuration list for PBXNativeTarget "DecisionToLeaveUITests" */ = {
			isa = XCConfigurationList;
			buildConfigurations = (
				EA52C4862B5A55EC0012F37B /* Debug */,
				EA52C4872B5A55EC0012F37B /* Release */,
			);
			defaultConfigurationIsVisible = 0;
			defaultConfigurationName = Release;
		};
/* End XCConfigurationList section */
	};
	rootObject = EA52C44D2B5A55EA0012F37B /* Project object */;
}
